// !$*UTF8*$!
{
	archiveVersion = 1;
	classes = {
	};
	objectVersion = 46;
	objects = {

/* Begin PBXBuildFile section */
		AC25BACF1EC62CE5006091BE /* Weapons.swift in Sources */ = {isa = PBXBuildFile; fileRef = AC25BACE1EC62CE5006091BE /* Weapons.swift */; };
		AC25BAD11EC632DD006091BE /* Model.swift in Sources */ = {isa = PBXBuildFile; fileRef = AC25BAD01EC632DD006091BE /* Model.swift */; };
		AC39A1451EB0B7CF00BE3D24 /* AppDelegate.swift in Sources */ = {isa = PBXBuildFile; fileRef = AC39A1441EB0B7CF00BE3D24 /* AppDelegate.swift */; };
		AC39A1471EB0B7CF00BE3D24 /* ViewController.swift in Sources */ = {isa = PBXBuildFile; fileRef = AC39A1461EB0B7CF00BE3D24 /* ViewController.swift */; };
		AC39A14A1EB0B7CF00BE3D24 /* Main.storyboard in Resources */ = {isa = PBXBuildFile; fileRef = AC39A1481EB0B7CF00BE3D24 /* Main.storyboard */; };
		AC39A14C1EB0B7CF00BE3D24 /* Assets.xcassets in Resources */ = {isa = PBXBuildFile; fileRef = AC39A14B1EB0B7CF00BE3D24 /* Assets.xcassets */; };
		AC39A14F1EB0B7CF00BE3D24 /* LaunchScreen.storyboard in Resources */ = {isa = PBXBuildFile; fileRef = AC39A14D1EB0B7CF00BE3D24 /* LaunchScreen.storyboard */; };
		AC39A15A1EB0B7CF00BE3D24 /* CharacterModelTests.swift in Sources */ = {isa = PBXBuildFile; fileRef = AC39A1591EB0B7CF00BE3D24 /* CharacterModelTests.swift */; };
		AC39A1651EB0B7CF00BE3D24 /* CharacterModelUITests.swift in Sources */ = {isa = PBXBuildFile; fileRef = AC39A1641EB0B7CF00BE3D24 /* CharacterModelUITests.swift */; };
		AC39A1731EB0B7E100BE3D24 /* CharacterClassFile.swift in Sources */ = {isa = PBXBuildFile; fileRef = AC39A1721EB0B7E100BE3D24 /* CharacterClassFile.swift */; };
/* End PBXBuildFile section */

/* Begin PBXContainerItemProxy section */
		AC39A1561EB0B7CF00BE3D24 /* PBXContainerItemProxy */ = {
			isa = PBXContainerItemProxy;
			containerPortal = AC39A1391EB0B7CF00BE3D24 /* Project object */;
			proxyType = 1;
			remoteGlobalIDString = AC39A1401EB0B7CF00BE3D24;
			remoteInfo = CharacterModel;
		};
		AC39A1611EB0B7CF00BE3D24 /* PBXContainerItemProxy */ = {
			isa = PBXContainerItemProxy;
			containerPortal = AC39A1391EB0B7CF00BE3D24 /* Project object */;
			proxyType = 1;
			remoteGlobalIDString = AC39A1401EB0B7CF00BE3D24;
			remoteInfo = CharacterModel;
		};
/* End PBXContainerItemProxy section */

/* Begin PBXFileReference section */
		AC25BACE1EC62CE5006091BE /* Weapons.swift */ = {isa = PBXFileReference; fileEncoding = 4; lastKnownFileType = sourcecode.swift; path = Weapons.swift; sourceTree = "<group>"; };
		AC25BAD01EC632DD006091BE /* Model.swift */ = {isa = PBXFileReference; fileEncoding = 4; lastKnownFileType = sourcecode.swift; path = Model.swift; sourceTree = "<group>"; };
		AC39A1411EB0B7CF00BE3D24 /* CharacterModel.app */ = {isa = PBXFileReference; explicitFileType = wrapper.application; includeInIndex = 0; path = CharacterModel.app; sourceTree = BUILT_PRODUCTS_DIR; };
		AC39A1441EB0B7CF00BE3D24 /* AppDelegate.swift */ = {isa = PBXFileReference; lastKnownFileType = sourcecode.swift; path = AppDelegate.swift; sourceTree = "<group>"; };
		AC39A1461EB0B7CF00BE3D24 /* ViewController.swift */ = {isa = PBXFileReference; lastKnownFileType = sourcecode.swift; path = ViewController.swift; sourceTree = "<group>"; };
		AC39A1491EB0B7CF00BE3D24 /* Base */ = {isa = PBXFileReference; lastKnownFileType = file.storyboard; name = Base; path = Base.lproj/Main.storyboard; sourceTree = "<group>"; };
		AC39A14B1EB0B7CF00BE3D24 /* Assets.xcassets */ = {isa = PBXFileReference; lastKnownFileType = folder.assetcatalog; path = Assets.xcassets; sourceTree = "<group>"; };
		AC39A14E1EB0B7CF00BE3D24 /* Base */ = {isa = PBXFileReference; lastKnownFileType = file.storyboard; name = Base; path = Base.lproj/LaunchScreen.storyboard; sourceTree = "<group>"; };
		AC39A1501EB0B7CF00BE3D24 /* Info.plist */ = {isa = PBXFileReference; lastKnownFileType = text.plist.xml; path = Info.plist; sourceTree = "<group>"; };
		AC39A1551EB0B7CF00BE3D24 /* CharacterModelTests.xctest */ = {isa = PBXFileReference; explicitFileType = wrapper.cfbundle; includeInIndex = 0; path = CharacterModelTests.xctest; sourceTree = BUILT_PRODUCTS_DIR; };
		AC39A1591EB0B7CF00BE3D24 /* CharacterModelTests.swift */ = {isa = PBXFileReference; lastKnownFileType = sourcecode.swift; path = CharacterModelTests.swift; sourceTree = "<group>"; };
		AC39A15B1EB0B7CF00BE3D24 /* Info.plist */ = {isa = PBXFileReference; lastKnownFileType = text.plist.xml; path = Info.plist; sourceTree = "<group>"; };
		AC39A1601EB0B7CF00BE3D24 /* CharacterModelUITests.xctest */ = {isa = PBXFileReference; explicitFileType = wrapper.cfbundle; includeInIndex = 0; path = CharacterModelUITests.xctest; sourceTree = BUILT_PRODUCTS_DIR; };
		AC39A1641EB0B7CF00BE3D24 /* CharacterModelUITests.swift */ = {isa = PBXFileReference; lastKnownFileType = sourcecode.swift; path = CharacterModelUITests.swift; sourceTree = "<group>"; };
		AC39A1661EB0B7CF00BE3D24 /* Info.plist */ = {isa = PBXFileReference; lastKnownFileType = text.plist.xml; path = Info.plist; sourceTree = "<group>"; };
		AC39A1721EB0B7E100BE3D24 /* CharacterClassFile.swift */ = {isa = PBXFileReference; fileEncoding = 4; lastKnownFileType = sourcecode.swift; path = CharacterClassFile.swift; sourceTree = "<group>"; };
/* End PBXFileReference section */

/* Begin PBXFrameworksBuildPhase section */
		AC39A13E1EB0B7CF00BE3D24 /* Frameworks */ = {
			isa = PBXFrameworksBuildPhase;
			buildActionMask = 2147483647;
			files = (
			);
			runOnlyForDeploymentPostprocessing = 0;
		};
		AC39A1521EB0B7CF00BE3D24 /* Frameworks */ = {
			isa = PBXFrameworksBuildPhase;
			buildActionMask = 2147483647;
			files = (
			);
			runOnlyForDeploymentPostprocessing = 0;
		};
		AC39A15D1EB0B7CF00BE3D24 /* Frameworks */ = {
			isa = PBXFrameworksBuildPhase;
			buildActionMask = 2147483647;
			files = (
			);
			runOnlyForDeploymentPostprocessing = 0;
		};
/* End PBXFrameworksBuildPhase section */

/* Begin PBXGroup section */
		AC39A1381EB0B7CF00BE3D24 = {
			isa = PBXGroup;
			children = (
				AC39A1431EB0B7CF00BE3D24 /* CharacterModel */,
				AC39A1581EB0B7CF00BE3D24 /* CharacterModelTests */,
				AC39A1631EB0B7CF00BE3D24 /* CharacterModelUITests */,
				AC39A1421EB0B7CF00BE3D24 /* Products */,
			);
			sourceTree = "<group>";
		};
		AC39A1421EB0B7CF00BE3D24 /* Products */ = {
			isa = PBXGroup;
			children = (
				AC39A1411EB0B7CF00BE3D24 /* CharacterModel.app */,
				AC39A1551EB0B7CF00BE3D24 /* CharacterModelTests.xctest */,
				AC39A1601EB0B7CF00BE3D24 /* CharacterModelUITests.xctest */,
			);
			name = Products;
			sourceTree = "<group>";
		};
		AC39A1431EB0B7CF00BE3D24 /* CharacterModel */ = {
			isa = PBXGroup;
			children = (
				AC39A1441EB0B7CF00BE3D24 /* AppDelegate.swift */,
				AC39A1461EB0B7CF00BE3D24 /* ViewController.swift */,
				AC25BAD01EC632DD006091BE /* Model.swift */,
				AC39A1721EB0B7E100BE3D24 /* CharacterClassFile.swift */,
				AC25BACE1EC62CE5006091BE /* Weapons.swift */,
				AC39A1481EB0B7CF00BE3D24 /* Main.storyboard */,
				AC39A14B1EB0B7CF00BE3D24 /* Assets.xcassets */,
				AC39A14D1EB0B7CF00BE3D24 /* LaunchScreen.storyboard */,
				AC39A1501EB0B7CF00BE3D24 /* Info.plist */,
			);
			path = CharacterModel;
			sourceTree = "<group>";
		};
		AC39A1581EB0B7CF00BE3D24 /* CharacterModelTests */ = {
			isa = PBXGroup;
			children = (
				AC39A1591EB0B7CF00BE3D24 /* CharacterModelTests.swift */,
				AC39A15B1EB0B7CF00BE3D24 /* Info.plist */,
			);
			path = CharacterModelTests;
			sourceTree = "<group>";
		};
		AC39A1631EB0B7CF00BE3D24 /* CharacterModelUITests */ = {
			isa = PBXGroup;
			children = (
				AC39A1641EB0B7CF00BE3D24 /* CharacterModelUITests.swift */,
				AC39A1661EB0B7CF00BE3D24 /* Info.plist */,
			);
			path = CharacterModelUITests;
			sourceTree = "<group>";
		};
/* End PBXGroup section */

/* Begin PBXNativeTarget section */
		AC39A1401EB0B7CF00BE3D24 /* CharacterModel */ = {
			isa = PBXNativeTarget;
			buildConfigurationList = AC39A1691EB0B7CF00BE3D24 /* Build configuration list for PBXNativeTarget "CharacterModel" */;
			buildPhases = (
				AC39A13D1EB0B7CF00BE3D24 /* Sources */,
				AC39A13E1EB0B7CF00BE3D24 /* Frameworks */,
				AC39A13F1EB0B7CF00BE3D24 /* Resources */,
			);
			buildRules = (
			);
			dependencies = (
			);
			name = CharacterModel;
			productName = CharacterModel;
			productReference = AC39A1411EB0B7CF00BE3D24 /* CharacterModel.app */;
			productType = "com.apple.product-type.application";
		};
		AC39A1541EB0B7CF00BE3D24 /* CharacterModelTests */ = {
			isa = PBXNativeTarget;
			buildConfigurationList = AC39A16C1EB0B7CF00BE3D24 /* Build configuration list for PBXNativeTarget "CharacterModelTests" */;
			buildPhases = (
				AC39A1511EB0B7CF00BE3D24 /* Sources */,
				AC39A1521EB0B7CF00BE3D24 /* Frameworks */,
				AC39A1531EB0B7CF00BE3D24 /* Resources */,
			);
			buildRules = (
			);
			dependencies = (
				AC39A1571EB0B7CF00BE3D24 /* PBXTargetDependency */,
			);
			name = CharacterModelTests;
			productName = CharacterModelTests;
			productReference = AC39A1551EB0B7CF00BE3D24 /* CharacterModelTests.xctest */;
			productType = "com.apple.product-type.bundle.unit-test";
		};
		AC39A15F1EB0B7CF00BE3D24 /* CharacterModelUITests */ = {
			isa = PBXNativeTarget;
			buildConfigurationList = AC39A16F1EB0B7CF00BE3D24 /* Build configuration list for PBXNativeTarget "CharacterModelUITests" */;
			buildPhases = (
				AC39A15C1EB0B7CF00BE3D24 /* Sources */,
				AC39A15D1EB0B7CF00BE3D24 /* Frameworks */,
				AC39A15E1EB0B7CF00BE3D24 /* Resources */,
			);
			buildRules = (
			);
			dependencies = (
				AC39A1621EB0B7CF00BE3D24 /* PBXTargetDependency */,
			);
			name = CharacterModelUITests;
			productName = CharacterModelUITests;
			productReference = AC39A1601EB0B7CF00BE3D24 /* CharacterModelUITests.xctest */;
			productType = "com.apple.product-type.bundle.ui-testing";
		};
/* End PBXNativeTarget section */

/* Begin PBXProject section */
		AC39A1391EB0B7CF00BE3D24 /* Project object */ = {
			isa = PBXProject;
			attributes = {
				LastSwiftUpdateCheck = 0830;
				LastUpgradeCheck = 0830;
				ORGANIZATIONNAME = MrAliGorithm;
				TargetAttributes = {
					AC39A1401EB0B7CF00BE3D24 = {
						CreatedOnToolsVersion = 8.3.2;
						DevelopmentTeam = U3FSDK5XFF;
						ProvisioningStyle = Automatic;
					};
					AC39A1541EB0B7CF00BE3D24 = {
						CreatedOnToolsVersion = 8.3.2;
						DevelopmentTeam = U3FSDK5XFF;
						ProvisioningStyle = Automatic;
						TestTargetID = AC39A1401EB0B7CF00BE3D24;
					};
					AC39A15F1EB0B7CF00BE3D24 = {
						CreatedOnToolsVersion = 8.3.2;
						DevelopmentTeam = U3FSDK5XFF;
						ProvisioningStyle = Automatic;
						TestTargetID = AC39A1401EB0B7CF00BE3D24;
					};
				};
			};
			buildConfigurationList = AC39A13C1EB0B7CF00BE3D24 /* Build configuration list for PBXProject "CharacterModel" */;
			compatibilityVersion = "Xcode 3.2";
			developmentRegion = English;
			hasScannedForEncodings = 0;
			knownRegions = (
				en,
				Base,
			);
			mainGroup = AC39A1381EB0B7CF00BE3D24;
			productRefGroup = AC39A1421EB0B7CF00BE3D24 /* Products */;
			projectDirPath = "";
			projectRoot = "";
			targets = (
				AC39A1401EB0B7CF00BE3D24 /* CharacterModel */,
				AC39A1541EB0B7CF00BE3D24 /* CharacterModelTests */,
				AC39A15F1EB0B7CF00BE3D24 /* CharacterModelUITests */,
			);
		};
/* End PBXProject section */

/* Begin PBXResourcesBuildPhase section */
		AC39A13F1EB0B7CF00BE3D24 /* Resources */ = {
			isa = PBXResourcesBuildPhase;
			buildActionMask = 2147483647;
			files = (
				AC39A14F1EB0B7CF00BE3D24 /* LaunchScreen.storyboard in Resources */,
				AC39A14C1EB0B7CF00BE3D24 /* Assets.xcassets in Resources */,
				AC39A14A1EB0B7CF00BE3D24 /* Main.storyboard in Resources */,
			);
			runOnlyForDeploymentPostprocessing = 0;
		};
		AC39A1531EB0B7CF00BE3D24 /* Resources */ = {
			isa = PBXResourcesBuildPhase;
			buildActionMask = 2147483647;
			files = (
			);
			runOnlyForDeploymentPostprocessing = 0;
		};
		AC39A15E1EB0B7CF00BE3D24 /* Resources */ = {
			isa = PBXResourcesBuildPhase;
			buildActionMask = 2147483647;
			files = (
			);
			runOnlyForDeploymentPostprocessing = 0;
		};
/* End PBXResourcesBuildPhase section */

/* Begin PBXSourcesBuildPhase section */
		AC39A13D1EB0B7CF00BE3D24 /* Sources */ = {
			isa = PBXSourcesBuildPhase;
			buildActionMask = 2147483647;
			files = (
				AC25BAD11EC632DD006091BE /* Model.swift in Sources */,
				AC39A1731EB0B7E100BE3D24 /* CharacterClassFile.swift in Sources */,
				AC25BACF1EC62CE5006091BE /* Weapons.swift in Sources */,
				AC39A1471EB0B7CF00BE3D24 /* ViewController.swift in Sources */,
				AC39A1451EB0B7CF00BE3D24 /* AppDelegate.swift in Sources */,
			);
			runOnlyForDeploymentPostprocessing = 0;
		};
		AC39A1511EB0B7CF00BE3D24 /* Sources */ = {
			isa = PBXSourcesBuildPhase;
			buildActionMask = 2147483647;
			files = (
				AC39A15A1EB0B7CF00BE3D24 /* CharacterModelTests.swift in Sources */,
			);
			runOnlyForDeploymentPostprocessing = 0;
		};
		AC39A15C1EB0B7CF00BE3D24 /* Sources */ = {
			isa = PBXSourcesBuildPhase;
			buildActionMask = 2147483647;
			files = (
				AC39A1651EB0B7CF00BE3D24 /* CharacterModelUITests.swift in Sources */,
			);
			runOnlyForDeploymentPostprocessing = 0;
		};
/* End PBXSourcesBuildPhase section */

/* Begin PBXTargetDependency section */
		AC39A1571EB0B7CF00BE3D24 /* PBXTargetDependency */ = {
			isa = PBXTargetDependency;
			target = AC39A1401EB0B7CF00BE3D24 /* CharacterModel */;
			targetProxy = AC39A1561EB0B7CF00BE3D24 /* PBXContainerItemProxy */;
		};
		AC39A1621EB0B7CF00BE3D24 /* PBXTargetDependency */ = {
			isa = PBXTargetDependency;
			target = AC39A1401EB0B7CF00BE3D24 /* CharacterModel */;
			targetProxy = AC39A1611EB0B7CF00BE3D24 /* PBXContainerItemProxy */;
		};
/* End PBXTargetDependency section */

/* Begin PBXVariantGroup section */
		AC39A1481EB0B7CF00BE3D24 /* Main.storyboard */ = {
			isa = PBXVariantGroup;
			children = (
				AC39A1491EB0B7CF00BE3D24 /* Base */,
			);
			name = Main.storyboard;
			sourceTree = "<group>";
		};
		AC39A14D1EB0B7CF00BE3D24 /* LaunchScreen.storyboard */ = {
			isa = PBXVariantGroup;
			children = (
				AC39A14E1EB0B7CF00BE3D24 /* Base */,
			);
			name = LaunchScreen.storyboard;
			sourceTree = "<group>";
		};
/* End PBXVariantGroup section */

/* Begin XCBuildConfiguration section */
		AC39A1671EB0B7CF00BE3D24 /* Debug */ = {
			isa = XCBuildConfiguration;
			buildSettings = {
				ALWAYS_SEARCH_USER_PATHS = NO;
				CLANG_ANALYZER_NONNULL = YES;
				CLANG_ANALYZER_NUMBER_OBJECT_CONVERSION = YES_AGGRESSIVE;
				CLANG_CXX_LANGUAGE_STANDARD = "gnu++0x";
				CLANG_CXX_LIBRARY = "libc++";
				CLANG_ENABLE_MODULES = YES;
				CLANG_ENABLE_OBJC_ARC = YES;
				CLANG_WARN_BOOL_CONVERSION = YES;
				CLANG_WARN_CONSTANT_CONVERSION = YES;
				CLANG_WARN_DIRECT_OBJC_ISA_USAGE = YES_ERROR;
				CLANG_WARN_DOCUMENTATION_COMMENTS = YES;
				CLANG_WARN_EMPTY_BODY = YES;
				CLANG_WARN_ENUM_CONVERSION = YES;
				CLANG_WARN_INFINITE_RECURSION = YES;
				CLANG_WARN_INT_CONVERSION = YES;
				CLANG_WARN_OBJC_ROOT_CLASS = YES_ERROR;
				CLANG_WARN_SUSPICIOUS_MOVE = YES;
				CLANG_WARN_UNREACHABLE_CODE = YES;
				CLANG_WARN__DUPLICATE_METHOD_MATCH = YES;
				"CODE_SIGN_IDENTITY[sdk=iphoneos*]" = "iPhone Developer";
				COPY_PHASE_STRIP = NO;
				DEBUG_INFORMATION_FORMAT = dwarf;
				ENABLE_STRICT_OBJC_MSGSEND = YES;
				ENABLE_TESTABILITY = YES;
				GCC_C_LANGUAGE_STANDARD = gnu99;
				GCC_DYNAMIC_NO_PIC = NO;
				GCC_NO_COMMON_BLOCKS = YES;
				GCC_OPTIMIZATION_LEVEL = 0;
				GCC_PREPROCESSOR_DEFINITIONS = (
					"DEBUG=1",
					"$(inherited)",
				);
				GCC_WARN_64_TO_32_BIT_CONVERSION = YES;
				GCC_WARN_ABOUT_RETURN_TYPE = YES_ERROR;
				GCC_WARN_UNDECLARED_SELECTOR = YES;
				GCC_WARN_UNINITIALIZED_AUTOS = YES_AGGRESSIVE;
				GCC_WARN_UNUSED_FUNCTION = YES;
				GCC_WARN_UNUSED_VARIABLE = YES;
				IPHONEOS_DEPLOYMENT_TARGET = 10.3;
				MTL_ENABLE_DEBUG_INFO = YES;
				ONLY_ACTIVE_ARCH = YES;
				SDKROOT = iphoneos;
				SWIFT_ACTIVE_COMPILATION_CONDITIONS = DEBUG;
				SWIFT_OPTIMIZATION_LEVEL = "-Onone";
			};
			name = Debug;
		};
		AC39A1681EB0B7CF00BE3D24 /* Release */ = {
			isa = XCBuildConfiguration;
			buildSettings = {
				ALWAYS_SEARCH_USER_PATHS = NO;
				CLANG_ANALYZER_NONNULL = YES;
				CLANG_ANALYZER_NUMBER_OBJECT_CONVERSION = YES_AGGRESSIVE;
				CLANG_CXX_LANGUAGE_STANDARD = "gnu++0x";
				CLANG_CXX_LIBRARY = "libc++";
				CLANG_ENABLE_MODULES = YES;
				CLANG_ENABLE_OBJC_ARC = YES;
				CLANG_WARN_BOOL_CONVERSION = YES;
				CLANG_WARN_CONSTANT_CONVERSION = YES;
				CLANG_WARN_DIRECT_OBJC_ISA_USAGE = YES_ERROR;
				CLANG_WARN_DOCUMENTATION_COMMENTS = YES;
				CLANG_WARN_EMPTY_BODY = YES;
				CLANG_WARN_ENUM_CONVERSION = YES;
				CLANG_WARN_INFINITE_RECURSION = YES;
				CLANG_WARN_INT_CONVERSION = YES;
				CLANG_WARN_OBJC_ROOT_CLASS = YES_ERROR;
				CLANG_WARN_SUSPICIOUS_MOVE = YES;
				CLANG_WARN_UNREACHABLE_CODE = YES;
				CLANG_WARN__DUPLICATE_METHOD_MATCH = YES;
				"CODE_SIGN_IDENTITY[sdk=iphoneos*]" = "iPhone Developer";
				COPY_PHASE_STRIP = NO;
				DEBUG_INFORMATION_FORMAT = "dwarf-with-dsym";
				ENABLE_NS_ASSERTIONS = NO;
				ENABLE_STRICT_OBJC_MSGSEND = YES;
				GCC_C_LANGUAGE_STANDARD = gnu99;
				GCC_NO_COMMON_BLOCKS = YES;
				GCC_WARN_64_TO_32_BIT_CONVERSION = YES;
				GCC_WARN_ABOUT_RETURN_TYPE = YES_ERROR;
				GCC_WARN_UNDECLARED_SELECTOR = YES;
				GCC_WARN_UNINITIALIZED_AUTOS = YES_AGGRESSIVE;
				GCC_WARN_UNUSED_FUNCTION = YES;
				GCC_WARN_UNUSED_VARIABLE = YES;
				IPHONEOS_DEPLOYMENT_TARGET = 10.3;
				MTL_ENABLE_DEBUG_INFO = NO;
				SDKROOT = iphoneos;
				SWIFT_OPTIMIZATION_LEVEL = "-Owholemodule";
				VALIDATE_PRODUCT = YES;
			};
			name = Release;
		};
		AC39A16A1EB0B7CF00BE3D24 /* Debug */ = {
			isa = XCBuildConfiguration;
			buildSettings = {
				ASSETCATALOG_COMPILER_APPICON_NAME = AppIcon;
				DEVELOPMENT_TEAM = U3FSDK5XFF;
				INFOPLIST_FILE = CharacterModel/Info.plist;
				LD_RUNPATH_SEARCH_PATHS = "$(inherited) @executable_path/Frameworks";
				PRODUCT_BUNDLE_IDENTIFIER = com.app.CharacterModel;
				PRODUCT_NAME = "$(TARGET_NAME)";
				SWIFT_VERSION = 3.0;
			};
			name = Debug;
		};
		AC39A16B1EB0B7CF00BE3D24 /* Release */ = {
			isa = XCBuildConfiguration;
			buildSettings = {
				ASSETCATALOG_COMPILER_APPICON_NAME = AppIcon;
				DEVELOPMENT_TEAM = U3FSDK5XFF;
				INFOPLIST_FILE = CharacterModel/Info.plist;
				LD_RUNPATH_SEARCH_PATHS = "$(inherited) @executable_path/Frameworks";
				PRODUCT_BUNDLE_IDENTIFIER = com.app.CharacterModel;
				PRODUCT_NAME = "$(TARGET_NAME)";
				SWIFT_VERSION = 3.0;
			};
			name = Release;
		};
		AC39A16D1EB0B7CF00BE3D24 /* Debug */ = {
			isa = XCBuildConfiguration;
			buildSettings = {
				ALWAYS_EMBED_SWIFT_STANDARD_LIBRARIES = YES;
				BUNDLE_LOADER = "$(TEST_HOST)";
				DEVELOPMENT_TEAM = U3FSDK5XFF;
				INFOPLIST_FILE = CharacterModelTests/Info.plist;
				LD_RUNPATH_SEARCH_PATHS = "$(inherited) @executable_path/Frameworks @loader_path/Frameworks";
				PRODUCT_BUNDLE_IDENTIFIER = com.app.CharacterModelTests;
				PRODUCT_NAME = "$(TARGET_NAME)";
				SWIFT_VERSION = 3.0;
				TEST_HOST = "$(BUILT_PRODUCTS_DIR)/CharacterModel.app/CharacterModel";
			};
			name = Debug;
		};
		AC39A16E1EB0B7CF00BE3D24 /* Release */ = {
			isa = XCBuildConfiguration;
			buildSettings = {
				ALWAYS_EMBED_SWIFT_STANDARD_LIBRARIES = YES;
				BUNDLE_LOADER = "$(TEST_HOST)";
				DEVELOPMENT_TEAM = U3FSDK5XFF;
				INFOPLIST_FILE = CharacterModelTests/Info.plist;
				LD_RUNPATH_SEARCH_PATHS = "$(inherited) @executable_path/Frameworks @loader_path/Frameworks";
				PRODUCT_BUNDLE_IDENTIFIER = com.app.CharacterModelTests;
				PRODUCT_NAME = "$(TARGET_NAME)";
				SWIFT_VERSION = 3.0;
				TEST_HOST = "$(BUILT_PRODUCTS_DIR)/CharacterModel.app/CharacterModel";
			};
			name = Release;
		};
		AC39A1701EB0B7CF00BE3D24 /* Debug */ = {
			isa = XCBuildConfiguration;
			buildSettings = {
				ALWAYS_EMBED_SWIFT_STANDARD_LIBRARIES = YES;
				DEVELOPMENT_TEAM = U3FSDK5XFF;
				INFOPLIST_FILE = CharacterModelUITests/Info.plist;
				LD_RUNPATH_SEARCH_PATHS = "$(inherited) @executable_path/Frameworks @loader_path/Frameworks";
				PRODUCT_BUNDLE_IDENTIFIER = com.app.CharacterModelUITests;
				PRODUCT_NAME = "$(TARGET_NAME)";
				SWIFT_VERSION = 3.0;
				TEST_TARGET_NAME = CharacterModel;
			};
			name = Debug;
		};
		AC39A1711EB0B7CF00BE3D24 /* Release */ = {
			isa = XCBuildConfiguration;
			buildSettings = {
				ALWAYS_EMBED_SWIFT_STANDARD_LIBRARIES = YES;
				DEVELOPMENT_TEAM = U3FSDK5XFF;
				INFOPLIST_FILE = CharacterModelUITests/Info.plist;
				LD_RUNPATH_SEARCH_PATHS = "$(inherited) @executable_path/Frameworks @loader_path/Frameworks";
				PRODUCT_BUNDLE_IDENTIFIER = com.app.CharacterModelUITests;
				PRODUCT_NAME = "$(TARGET_NAME)";
				SWIFT_VERSION = 3.0;
				TEST_TARGET_NAME = CharacterModel;
			};
			name = Release;
		};
/* End XCBuildConfiguration section */

/* Begin XCConfigurationList section */
		AC39A13C1EB0B7CF00BE3D24 /* Build configuration list for PBXProject "CharacterModel" */ = {
			isa = XCConfigurationList;
			buildConfigurations = (
				AC39A1671EB0B7CF00BE3D24 /* Debug */,
				AC39A1681EB0B7CF00BE3D24 /* Release */,
			);
			defaultConfigurationIsVisible = 0;
			defaultConfigurationName = Release;
		};
		AC39A1691EB0B7CF00BE3D24 /* Build configuration list for PBXNativeTarget "CharacterModel" */ = {
			isa = XCConfigurationList;
			buildConfigurations = (
				AC39A16A1EB0B7CF00BE3D24 /* Debug */,
				AC39A16B1EB0B7CF00BE3D24 /* Release */,
			);
			defaultConfigurationIsVisible = 0;
			defaultConfigurationName = Release;
		};
		AC39A16C1EB0B7CF00BE3D24 /* Build configuration list for PBXNativeTarget "CharacterModelTests" */ = {
			isa = XCConfigurationList;
			buildConfigurations = (
				AC39A16D1EB0B7CF00BE3D24 /* Debug */,
				AC39A16E1EB0B7CF00BE3D24 /* Release */,
			);
			defaultConfigurationIsVisible = 0;
			defaultConfigurationName = Release;
		};
		AC39A16F1EB0B7CF00BE3D24 /* Build configuration list for PBXNativeTarget "CharacterModelUITests" */ = {
			isa = XCConfigurationList;
			buildConfigurations = (
				AC39A1701EB0B7CF00BE3D24 /* Debug */,
				AC39A1711EB0B7CF00BE3D24 /* Release */,
			);
			defaultConfigurationIsVisible = 0;
			defaultConfigurationName = Release;
		};
/* End XCConfigurationList section */
	};
	rootObject = AC39A1391EB0B7CF00BE3D24 /* Project object */;
}
